
Microsoft Visual Studio Solution File, Format Version 12.00
# Visual Studio Version 17
VisualStudioVersion = 17.3.32901.215
MinimumVisualStudioVersion = 10.0.40219.1
Project("{8BC9CEB8-8B4A-11D0-8D11-00A0C91BC942}") = "3DPro3week", "3DPro3week\3DPro3week.vcxproj", "{41152534-A3F1-432E-B5A5-B9BC60F44CD0}"
EndProject
Global
	GlobalSection(SolutionConfigurationPlatforms) = preSolution
		Debug|x64 = Debug|x64
		Debug|x86 = Debug|x86
		Release|x64 = Release|x64
		Release|x86 = Release|x86
	EndGlobalSection
	GlobalSection(ProjectConfigurationPlatforms) = postSolution
		{41152534-A3F1-432E-B5A5-B9BC60F44CD0}.Debug|x64.ActiveCfg = Debug|x64
		{41152534-A3F1-432E-B5A5-B9BC60F44CD0}.Debug|x64.Build.0 = Debug|x64
		{41152534-A3F1-432E-B5A5-B9BC60F44CD0}.Debug|x86.ActiveCfg = Debug|Win32
		{41152534-A3F1-432E-B5A5-B9BC60F44CD0}.Debug|x86.Build.0 = Debug|Win32
		{41152534-A3F1-432E-B5A5-B9BC60F44CD0}.Release|x64.ActiveCfg = Release|x64
		{41152534-A3F1-432E-B5A5-B9BC60F44CD0}.Release|x64.Build.0 = Release|x64
		{41152534-A3F1-432E-B5A5-B9BC60F44CD0}.Release|x86.ActiveCfg = Release|Win32
		{41152534-A3F1-432E-B5A5-B9BC60F44CD0}.Release|x86.Build.0 = Release|Win32
	EndGlobalSection
	GlobalSection(SolutionProperties) = preSolution
		HideSolutionNode = FALSE
	EndGlobalSection
	GlobalSection(ExtensibilityGlobals) = postSolution
		SolutionGuid = {1FBBBE7C-BBB4-4703-B19C-4B26F87BB4DC}
	EndGlobalSection
EndGlobal
